{
  "name": "admin",
  "version": "1.0.0",
  "lockfileVersion": 1,
  "requires": true,
  "dependencies": {
    "almond": {
      "version": "0.3.3",
      "resolved": "https://registry.npmjs.org/almond/-/almond-0.3.3.tgz",
      "integrity": "sha1-oOfJWsdiTWQXtElLHmi/9pMWiiA="
    },
    "animate.css": {
      "version": "3.6.1",
      "resolved": "https://registry.npmjs.org/animate.css/-/animate.css-3.6.1.tgz",
      "integrity": "sha512-xEIzzKyQvQSIldgrtC2d/qptAEQLVlMb6xQrjQ6HU6NyGhF7LAIivRZVmhSAg4EICRASNiS+A1G+wvAKTCoC7A=="
    },
    "commander": {
      "version": "1.1.1",
      "resolved": "https://registry.npmjs.org/commander/-/commander-1.1.1.tgz",
      "integrity": "sha1-UNFlGGiuYOzP8KLZ80WVN2vGsEE=",
      "requires": {
        "keypress": "0.1.0"
      }
    },
    "jquery": {
      "version": "3.3.1",
      "resolved": "https://registry.npmjs.org/jquery/-/jquery-3.3.1.tgz",
      "integrity": "sha512-Ubldcmxp5np52/ENotGxlLe6aGMvmF4R8S6tZjsP6Knsaxd/xp3Zrh50cG93lR6nPXyUFwzN3ZSOQI0wRJNdGg=="
    },
    "jquery-datetimepicker": {
      "version": "2.5.20",
      "resolved": "https://registry.npmjs.org/jquery-datetimepicker/-/jquery-datetimepicker-2.5.20.tgz",
      "integrity": "sha512-ugnjbUkOw1MWuJx+Aik9Reew9U2We+kGdaXU5NKvfdBNiG/vNeeFlgQ8EWu1h8zFf5wmUse7G1MLsYHTP18J4Q==",
      "requires": {
        "jquery": "3.3.1",
        "jquery-mousewheel": "3.1.13",
        "php-date-formatter": "1.3.4"
      }
    },
    "jquery-mousewheel": {
      "version": "3.1.13",
      "resolved": "https://registry.npmjs.org/jquery-mousewheel/-/jquery-mousewheel-3.1.13.tgz",
      "integrity": "sha1-BvAzXxbjU6aV5yBr9QUDy1I6buU="
    },
    "js": {
      "version": "0.1.0",
      "resolved": "https://registry.npmjs.org/js/-/js-0.1.0.tgz",
      "integrity": "sha1-4dCv1V6jnCso2jBOgUPq8sEz82Y=",
      "requires": {
        "commander": "1.1.1"
      }
    },
    "keypress": {
      "version": "0.1.0",
      "resolved": "https://registry.npmjs.org/keypress/-/keypress-0.1.0.tgz",
      "integrity": "sha1-SjGI1CkbZrT2XtuZ+AaqmuKTWSo="
    },
    "magnific-popup": {
      "version": "1.1.0",
      "resolved": "https://registry.npmjs.org/magnific-popup/-/magnific-popup-1.1.0.tgz",
      "integrity": "sha1-PnNixb0Y9nhf6Z5Z0BPiCvM9MEk="
    },
    "php-date-formatter": {
      "version": "1.3.4",
      "resolved": "https://registry.npmjs.org/php-date-formatter/-/php-date-formatter-1.3.4.tgz",
      "integrity": "sha1-CaFa4HZroL6xkAwnwewxnvLkVj4="
    },
    "primer-support": {
      "version": "4.5.2",
      "resolved": "https://registry.npmjs.org/primer-support/-/primer-support-4.5.2.tgz",
      "integrity": "sha1-2quaSIgbaVPo5soBhlovQVv3d8U="
    },
    "primer-tooltips": {
      "version": "1.5.3",
      "resolved": "https://registry.npmjs.org/primer-tooltips/-/primer-tooltips-1.5.3.tgz",
      "integrity": "sha1-DmZuMRNr7GNKhOnsuddhadCR4kk=",
      "requires": {
        "primer-support": "4.5.2"
      }
    },
    "select2": {
      "version": "4.0.5",
      "resolved": "https://registry.npmjs.org/select2/-/select2-4.0.5.tgz",
      "integrity": "sha1-eqxQaSVhmFs007guxV4ib4lg1Ao=",
      "requires": {
        "almond": "0.3.3",
        "jquery-mousewheel": "3.1.13"
      }
    }
  }
}
